Microsoft Visual Studio Solution File, Format Version 12.00
# Visual Studio Version 17
VisualStudioVersion = 17.5.2.0
MinimumVisualStudioVersion = 10.0.40219.1
Project("{FAE04EC0-301F-11D3-BF4B-00C04F79EFBC}") = "HotelChannelManager", "HotelChannelManager\HotelChannelManager.csproj", "{8523D89B-AD5B-40A2-B14F-6714983AF94C}"
EndProject
Global
	GlobalSection(SolutionConfigurationPlatforms) = preSolution
		Debug|Any CPU = Debug|Any CPU
		Release|Any CPU = Release|Any CPU
	EndGlobalSection
	GlobalSection(ProjectConfigurationPlatforms) = postSolution
		{8523D89B-AD5B-40A2-B14F-6714983AF94C}.Debug|Any CPU.ActiveCfg = Debug|Any CPU
		{8523D89B-AD5B-40A2-B14F-6714983AF94C}.Debug|Any CPU.Build.0 = Debug|Any CPU
		{8523D89B-AD5B-40A2-B14F-6714983AF94C}.Release|Any CPU.ActiveCfg = Release|Any CPU
		{8523D89B-AD5B-40A2-B14F-6714983AF94C}.Release|Any CPU.Build.0 = Release|Any CPU
	EndGlobalSection
	GlobalSection(SolutionProperties) = preSolution
		HideSolutionNode = FALSE
	EndGlobalSection
	GlobalSection(ExtensibilityGlobals) = postSolution
		SolutionGuid = {D11BFD92-D15F-46AF-9F3C-76299575FB91}
	EndGlobalSection
EndGlobal
